
Microsoft Visual Studio Solution File, Format Version 12.00
# Visual Studio Version 17
VisualStudioVersion = 17.1.32414.318
MinimumVisualStudioVersion = 10.0.40219.1
Project("{FAE04EC0-301F-11D3-BF4B-00C04F79EFBC}") = "ViewFormWindowsForms", "ViewFormWindowsForms\ViewFormWindowsForms.csproj", "{88B26E1D-AFFA-4E7F-B3C1-411B4F557EF7}"
EndProject
Project("{FAE04EC0-301F-11D3-BF4B-00C04F79EFBC}") = "ModelLaba4WindowsForms", "ModelLaba4WindowsForms\ModelLaba4WindowsForms.csproj", "{2521CFA9-C242-4AD4-A862-D96CBCD132CF}"
EndProject
Global
	GlobalSection(SolutionConfigurationPlatforms) = preSolution
		Debug|Any CPU = Debug|Any CPU
		Release|Any CPU = Release|Any CPU
	EndGlobalSection
	GlobalSection(ProjectConfigurationPlatforms) = postSolution
		{88B26E1D-AFFA-4E7F-B3C1-411B4F557EF7}.Debug|Any CPU.ActiveCfg = Debug|Any CPU
		{88B26E1D-AFFA-4E7F-B3C1-411B4F557EF7}.Debug|Any CPU.Build.0 = Debug|Any CPU
		{88B26E1D-AFFA-4E7F-B3C1-411B4F557EF7}.Release|Any CPU.ActiveCfg = Release|Any CPU
		{88B26E1D-AFFA-4E7F-B3C1-411B4F557EF7}.Release|Any CPU.Build.0 = Release|Any CPU
		{2521CFA9-C242-4AD4-A862-D96CBCD132CF}.Debug|Any CPU.ActiveCfg = Debug|Any CPU
		{2521CFA9-C242-4AD4-A862-D96CBCD132CF}.Debug|Any CPU.Build.0 = Debug|Any CPU
		{2521CFA9-C242-4AD4-A862-D96CBCD132CF}.Release|Any CPU.ActiveCfg = Release|Any CPU
		{2521CFA9-C242-4AD4-A862-D96CBCD132CF}.Release|Any CPU.Build.0 = Release|Any CPU
	EndGlobalSection
	GlobalSection(SolutionProperties) = preSolution
		HideSolutionNode = FALSE
	EndGlobalSection
	GlobalSection(ExtensibilityGlobals) = postSolution
		SolutionGuid = {2A6B18CC-4AC1-4850-A826-E5798DA34A37}
	EndGlobalSection
EndGlobal
