
Microsoft Visual Studio Solution File, Format Version 12.00
# Visual Studio Version 17
VisualStudioVersion = 17.1.32414.318
MinimumVisualStudioVersion = 10.0.40219.1
Project("{FAE04EC0-301F-11D3-BF4B-00C04F79EFBC}") = "ModelLaba2", "ModelLaba2\ModelLaba2.csproj", "{B404B0C9-2BD4-4E4C-B992-B739CC07FB8D}"
EndProject
Project("{FAE04EC0-301F-11D3-BF4B-00C04F79EFBC}") = "ViewLaba2", "ViewLaba2\ViewLaba2.csproj", "{C37B9AB5-3EA9-4F2E-B009-9AAF59E542C2}"
EndProject
Global
	GlobalSection(SolutionConfigurationPlatforms) = preSolution
		Debug|Any CPU = Debug|Any CPU
		Release|Any CPU = Release|Any CPU
	EndGlobalSection
	GlobalSection(ProjectConfigurationPlatforms) = postSolution
		{B404B0C9-2BD4-4E4C-B992-B739CC07FB8D}.Debug|Any CPU.ActiveCfg = Debug|Any CPU
		{B404B0C9-2BD4-4E4C-B992-B739CC07FB8D}.Debug|Any CPU.Build.0 = Debug|Any CPU
		{B404B0C9-2BD4-4E4C-B992-B739CC07FB8D}.Release|Any CPU.ActiveCfg = Release|Any CPU
		{B404B0C9-2BD4-4E4C-B992-B739CC07FB8D}.Release|Any CPU.Build.0 = Release|Any CPU
		{C37B9AB5-3EA9-4F2E-B009-9AAF59E542C2}.Debug|Any CPU.ActiveCfg = Debug|Any CPU
		{C37B9AB5-3EA9-4F2E-B009-9AAF59E542C2}.Debug|Any CPU.Build.0 = Debug|Any CPU
		{C37B9AB5-3EA9-4F2E-B009-9AAF59E542C2}.Release|Any CPU.ActiveCfg = Release|Any CPU
		{C37B9AB5-3EA9-4F2E-B009-9AAF59E542C2}.Release|Any CPU.Build.0 = Release|Any CPU
	EndGlobalSection
	GlobalSection(SolutionProperties) = preSolution
		HideSolutionNode = FALSE
	EndGlobalSection
	GlobalSection(ExtensibilityGlobals) = postSolution
		SolutionGuid = {881663C7-A149-40CD-9BD1-C430A873B22B}
	EndGlobalSection
EndGlobal
